// !$*UTF8*$!
{
	archiveVersion = 1;
	classes = {
	};
	objectVersion = 55;
	objects = {

/* Begin PBXBuildFile section */
		0E424F9528A54B2200E7DCDE /* CurrencyDescription.swift in Sources */ = {isa = PBXBuildFile; fileRef = 0E424F9428A54B2200E7DCDE /* CurrencyDescription.swift */; };
		0E424F9928A56A7D00E7DCDE /* Currency.swift in Sources */ = {isa = PBXBuildFile; fileRef = 0E424F9828A56A7D00E7DCDE /* Currency.swift */; };
		0E4E8CD828ABAFB900673405 /* Card.swift in Sources */ = {isa = PBXBuildFile; fileRef = 0E4E8CD728ABAFB900673405 /* Card.swift */; };
		0E4E8CE228ABCFF300673405 /* Alamofire in Frameworks */ = {isa = PBXBuildFile; productRef = 0E4E8CE128ABCFF300673405 /* Alamofire */; };
		0E4E8CE428ABD57400673405 /* CardViewController.swift in Sources */ = {isa = PBXBuildFile; fileRef = 0E4E8CE328ABD57400673405 /* CardViewController.swift */; };
		0E4E8CE828ABE22400673405 /* RatesViewController.swift in Sources */ = {isa = PBXBuildFile; fileRef = 0E4E8CE728ABE22400673405 /* RatesViewController.swift */; };
		0E4E8CEA28ABEF2400673405 /* User.swift in Sources */ = {isa = PBXBuildFile; fileRef = 0E4E8CE928ABEF2400673405 /* User.swift */; };
		0E4E8CEC28AC03E700673405 /* DescriptionViewController.swift in Sources */ = {isa = PBXBuildFile; fileRef = 0E4E8CEB28AC03E700673405 /* DescriptionViewController.swift */; };
		0E5F896628A546400019618E /* AppDelegate.swift in Sources */ = {isa = PBXBuildFile; fileRef = 0E5F896528A546400019618E /* AppDelegate.swift */; };
		0E5F896828A546400019618E /* SceneDelegate.swift in Sources */ = {isa = PBXBuildFile; fileRef = 0E5F896728A546400019618E /* SceneDelegate.swift */; };
		0E5F896D28A546400019618E /* Main.storyboard in Resources */ = {isa = PBXBuildFile; fileRef = 0E5F896B28A546400019618E /* Main.storyboard */; };
		0E5F897228A546410019618E /* LaunchScreen.storyboard in Resources */ = {isa = PBXBuildFile; fileRef = 0E5F897028A546410019618E /* LaunchScreen.storyboard */; };
		0E5F898128A5480D0019618E /* ExchangeRates.swift in Sources */ = {isa = PBXBuildFile; fileRef = 0E5F898028A5480D0019618E /* ExchangeRates.swift */; };
		0E5F898328A5482F0019618E /* NetworkManager.swift in Sources */ = {isa = PBXBuildFile; fileRef = 0E5F898228A5482F0019618E /* NetworkManager.swift */; };
		0E5F898528A548BB0019618E /* СhoiceCurrencyViewController.swift in Sources */ = {isa = PBXBuildFile; fileRef = 0E5F898428A548BB0019618E /* СhoiceCurrencyViewController.swift */; };
		0E64119728A830FA00C96337 /* Assets.xcassets in Resources */ = {isa = PBXBuildFile; fileRef = 0E64119628A830FA00C96337 /* Assets.xcassets */; };
		0EC8270F28A84E430007383C /* CurrencyTableViewCell.swift in Sources */ = {isa = PBXBuildFile; fileRef = 0EC8270E28A84E430007383C /* CurrencyTableViewCell.swift */; };
/* End PBXBuildFile section */

/* Begin PBXFileReference section */
		0E424F9428A54B2200E7DCDE /* CurrencyDescription.swift */ = {isa = PBXFileReference; lastKnownFileType = sourcecode.swift; path = CurrencyDescription.swift; sourceTree = "<group>"; };
		0E424F9828A56A7D00E7DCDE /* Currency.swift */ = {isa = PBXFileReference; lastKnownFileType = sourcecode.swift; path = Currency.swift; sourceTree = "<group>"; };
		0E4E8CD728ABAFB900673405 /* Card.swift */ = {isa = PBXFileReference; lastKnownFileType = sourcecode.swift; path = Card.swift; sourceTree = "<group>"; };
		0E4E8CE328ABD57400673405 /* CardViewController.swift */ = {isa = PBXFileReference; lastKnownFileType = sourcecode.swift; path = CardViewController.swift; sourceTree = "<group>"; };
		0E4E8CE728ABE22400673405 /* RatesViewController.swift */ = {isa = PBXFileReference; lastKnownFileType = sourcecode.swift; path = RatesViewController.swift; sourceTree = "<group>"; };
		0E4E8CE928ABEF2400673405 /* User.swift */ = {isa = PBXFileReference; lastKnownFileType = sourcecode.swift; path = User.swift; sourceTree = "<group>"; };
		0E4E8CEB28AC03E700673405 /* DescriptionViewController.swift */ = {isa = PBXFileReference; lastKnownFileType = sourcecode.swift; path = DescriptionViewController.swift; sourceTree = "<group>"; };
		0E5F896228A546400019618E /* Currency Converter.app */ = {isa = PBXFileReference; explicitFileType = wrapper.application; includeInIndex = 0; path = "Currency Converter.app"; sourceTree = BUILT_PRODUCTS_DIR; };
		0E5F896528A546400019618E /* AppDelegate.swift */ = {isa = PBXFileReference; lastKnownFileType = sourcecode.swift; path = AppDelegate.swift; sourceTree = "<group>"; };
		0E5F896728A546400019618E /* SceneDelegate.swift */ = {isa = PBXFileReference; lastKnownFileType = sourcecode.swift; path = SceneDelegate.swift; sourceTree = "<group>"; };
		0E5F896C28A546400019618E /* Base */ = {isa = PBXFileReference; lastKnownFileType = file.storyboard; name = Base; path = Base.lproj/Main.storyboard; sourceTree = "<group>"; };
		0E5F897128A546410019618E /* Base */ = {isa = PBXFileReference; lastKnownFileType = file.storyboard; name = Base; path = Base.lproj/LaunchScreen.storyboard; sourceTree = "<group>"; };
		0E5F897328A546410019618E /* Info.plist */ = {isa = PBXFileReference; lastKnownFileType = text.plist.xml; path = Info.plist; sourceTree = "<group>"; };
		0E5F898028A5480D0019618E /* ExchangeRates.swift */ = {isa = PBXFileReference; lastKnownFileType = sourcecode.swift; path = ExchangeRates.swift; sourceTree = "<group>"; };
		0E5F898228A5482F0019618E /* NetworkManager.swift */ = {isa = PBXFileReference; lastKnownFileType = sourcecode.swift; path = NetworkManager.swift; sourceTree = "<group>"; };
		0E5F898428A548BB0019618E /* СhoiceCurrencyViewController.swift */ = {isa = PBXFileReference; lastKnownFileType = sourcecode.swift; path = "СhoiceCurrencyViewController.swift"; sourceTree = "<group>"; };
		0E64119628A830FA00C96337 /* Assets.xcassets */ = {isa = PBXFileReference; lastKnownFileType = folder.assetcatalog; path = Assets.xcassets; sourceTree = "<group>"; };
		0EC8270E28A84E430007383C /* CurrencyTableViewCell.swift */ = {isa = PBXFileReference; lastKnownFileType = sourcecode.swift; path = CurrencyTableViewCell.swift; sourceTree = "<group>"; };
/* End PBXFileReference section */

/* Begin PBXFrameworksBuildPhase section */
		0E5F895F28A546400019618E /* Frameworks */ = {
			isa = PBXFrameworksBuildPhase;
			buildActionMask = 2147483647;
			files = (
				0E4E8CE228ABCFF300673405 /* Alamofire in Frameworks */,
			);
			runOnlyForDeploymentPostprocessing = 0;
		};
/* End PBXFrameworksBuildPhase section */

/* Begin PBXGroup section */
		0E5F895928A546400019618E = {
			isa = PBXGroup;
			children = (
				0E5F896428A546400019618E /* Currency Converter */,
				0E5F896328A546400019618E /* Products */,
			);
			sourceTree = "<group>";
		};
		0E5F896328A546400019618E /* Products */ = {
			isa = PBXGroup;
			children = (
				0E5F896228A546400019618E /* Currency Converter.app */,
			);
			name = Products;
			sourceTree = "<group>";
		};
		0E5F896428A546400019618E /* Currency Converter */ = {
			isa = PBXGroup;
			children = (
				0E64119628A830FA00C96337 /* Assets.xcassets */,
				0E5F897928A546520019618E /* App */,
				0E5F897B28A5468D0019618E /* Models */,
				0E5F897C28A546A50019618E /* Services */,
				0E5F897A28A546600019618E /* Storyboards */,
				0E5F897D28A546E50019618E /* ViewControllers */,
			);
			path = "Currency Converter";
			sourceTree = "<group>";
		};
		0E5F897928A546520019618E /* App */ = {
			isa = PBXGroup;
			children = (
				0E5F896528A546400019618E /* AppDelegate.swift */,
				0E5F896728A546400019618E /* SceneDelegate.swift */,
				0E5F897328A546410019618E /* Info.plist */,
			);
			path = App;
			sourceTree = "<group>";
		};
		0E5F897A28A546600019618E /* Storyboards */ = {
			isa = PBXGroup;
			children = (
				0E5F897028A546410019618E /* LaunchScreen.storyboard */,
				0E5F896B28A546400019618E /* Main.storyboard */,
			);
			path = Storyboards;
			sourceTree = "<group>";
		};
		0E5F897B28A5468D0019618E /* Models */ = {
			isa = PBXGroup;
			children = (
				0E5F898028A5480D0019618E /* ExchangeRates.swift */,
				0E424F9828A56A7D00E7DCDE /* Currency.swift */,
				0E4E8CD728ABAFB900673405 /* Card.swift */,
				0E4E8CE928ABEF2400673405 /* User.swift */,
			);
			path = Models;
			sourceTree = "<group>";
		};
		0E5F897C28A546A50019618E /* Services */ = {
			isa = PBXGroup;
			children = (
				0E5F897E28A547150019618E /* DataStore */,
				0E5F897F28A547220019618E /* NetworkManagers */,
			);
			path = Services;
			sourceTree = "<group>";
		};
		0E5F897D28A546E50019618E /* ViewControllers */ = {
			isa = PBXGroup;
			children = (
				0EC8270D28A84DFA0007383C /* Views */,
				0E5F898428A548BB0019618E /* СhoiceCurrencyViewController.swift */,
				0E4E8CE328ABD57400673405 /* CardViewController.swift */,
				0E4E8CEB28AC03E700673405 /* DescriptionViewController.swift */,
				0E4E8CE728ABE22400673405 /* RatesViewController.swift */,
			);
			path = ViewControllers;
			sourceTree = "<group>";
		};
		0E5F897E28A547150019618E /* DataStore */ = {
			isa = PBXGroup;
			children = (
				0E424F9428A54B2200E7DCDE /* CurrencyDescription.swift */,
			);
			path = DataStore;
			sourceTree = "<group>";
		};
		0E5F897F28A547220019618E /* NetworkManagers */ = {
			isa = PBXGroup;
			children = (
				0E5F898228A5482F0019618E /* NetworkManager.swift */,
			);
			path = NetworkManagers;
			sourceTree = "<group>";
		};
		0EC8270D28A84DFA0007383C /* Views */ = {
			isa = PBXGroup;
			children = (
				0EC8270E28A84E430007383C /* CurrencyTableViewCell.swift */,
			);
			path = Views;
			sourceTree = "<group>";
		};
/* End PBXGroup section */

/* Begin PBXNativeTarget section */
		0E5F896128A546400019618E /* Currency Converter */ = {
			isa = PBXNativeTarget;
			buildConfigurationList = 0E5F897628A546410019618E /* Build configuration list for PBXNativeTarget "Currency Converter" */;
			buildPhases = (
				0E5F895E28A546400019618E /* Sources */,
				0E5F895F28A546400019618E /* Frameworks */,
				0E5F896028A546400019618E /* Resources */,
			);
			buildRules = (
			);
			dependencies = (
			);
			name = "Currency Converter";
			packageProductDependencies = (
				0E4E8CE128ABCFF300673405 /* Alamofire */,
			);
			productName = "Currency Converter";
			productReference = 0E5F896228A546400019618E /* Currency Converter.app */;
			productType = "com.apple.product-type.application";
		};
/* End PBXNativeTarget section */

/* Begin PBXProject section */
		0E5F895A28A546400019618E /* Project object */ = {
			isa = PBXProject;
			attributes = {
				BuildIndependentTargetsInParallel = 1;
				LastSwiftUpdateCheck = 1340;
				LastUpgradeCheck = 1340;
				TargetAttributes = {
					0E5F896128A546400019618E = {
						CreatedOnToolsVersion = 13.4;
					};
				};
			};
			buildConfigurationList = 0E5F895D28A546400019618E /* Build configuration list for PBXProject "Currency Converter" */;
			compatibilityVersion = "Xcode 13.0";
			developmentRegion = en;
			hasScannedForEncodings = 0;
			knownRegions = (
				en,
				Base,
			);
			mainGroup = 0E5F895928A546400019618E;
			packageReferences = (
				0E4E8CE028ABCFF300673405 /* XCRemoteSwiftPackageReference "Alamofire" */,
			);
			productRefGroup = 0E5F896328A546400019618E /* Products */;
			projectDirPath = "";
			projectRoot = "";
			targets = (
				0E5F896128A546400019618E /* Currency Converter */,
			);
		};
/* End PBXProject section */

/* Begin PBXResourcesBuildPhase section */
		0E5F896028A546400019618E /* Resources */ = {
			isa = PBXResourcesBuildPhase;
			buildActionMask = 2147483647;
			files = (
				0E5F897228A546410019618E /* LaunchScreen.storyboard in Resources */,
				0E64119728A830FA00C96337 /* Assets.xcassets in Resources */,
				0E5F896D28A546400019618E /* Main.storyboard in Resources */,
			);
			runOnlyForDeploymentPostprocessing = 0;
		};
/* End PBXResourcesBuildPhase section */

/* Begin PBXSourcesBuildPhase section */
		0E5F895E28A546400019618E /* Sources */ = {
			isa = PBXSourcesBuildPhase;
			buildActionMask = 2147483647;
			files = (
				0E5F898328A5482F0019618E /* NetworkManager.swift in Sources */,
				0E424F9528A54B2200E7DCDE /* CurrencyDescription.swift in Sources */,
				0E4E8CEC28AC03E700673405 /* DescriptionViewController.swift in Sources */,
				0E4E8CD828ABAFB900673405 /* Card.swift in Sources */,
				0E5F898528A548BB0019618E /* СhoiceCurrencyViewController.swift in Sources */,
				0EC8270F28A84E430007383C /* CurrencyTableViewCell.swift in Sources */,
				0E424F9928A56A7D00E7DCDE /* Currency.swift in Sources */,
				0E5F896628A546400019618E /* AppDelegate.swift in Sources */,
				0E5F898128A5480D0019618E /* ExchangeRates.swift in Sources */,
				0E4E8CEA28ABEF2400673405 /* User.swift in Sources */,
				0E4E8CE428ABD57400673405 /* CardViewController.swift in Sources */,
				0E4E8CE828ABE22400673405 /* RatesViewController.swift in Sources */,
				0E5F896828A546400019618E /* SceneDelegate.swift in Sources */,
			);
			runOnlyForDeploymentPostprocessing = 0;
		};
/* End PBXSourcesBuildPhase section */

/* Begin PBXVariantGroup section */
		0E5F896B28A546400019618E /* Main.storyboard */ = {
			isa = PBXVariantGroup;
			children = (
				0E5F896C28A546400019618E /* Base */,
			);
			name = Main.storyboard;
			sourceTree = "<group>";
		};
		0E5F897028A546410019618E /* LaunchScreen.storyboard */ = {
			isa = PBXVariantGroup;
			children = (
				0E5F897128A546410019618E /* Base */,
			);
			name = LaunchScreen.storyboard;
			sourceTree = "<group>";
		};
/* End PBXVariantGroup section */

/* Begin XCBuildConfiguration section */
		0E5F897428A546410019618E /* Debug */ = {
			isa = XCBuildConfiguration;
			buildSettings = {
				ALWAYS_SEARCH_USER_PATHS = NO;
				CLANG_ANALYZER_NONNULL = YES;
				CLANG_ANALYZER_NUMBER_OBJECT_CONVERSION = YES_AGGRESSIVE;
				CLANG_CXX_LANGUAGE_STANDARD = "gnu++17";
				CLANG_ENABLE_MODULES = YES;
				CLANG_ENABLE_OBJC_ARC = YES;
				CLANG_ENABLE_OBJC_WEAK = YES;
				CLANG_WARN_BLOCK_CAPTURE_AUTORELEASING = YES;
				CLANG_WARN_BOOL_CONVERSION = YES;
				CLANG_WARN_COMMA = YES;
				CLANG_WARN_CONSTANT_CONVERSION = YES;
				CLANG_WARN_DEPRECATED_OBJC_IMPLEMENTATIONS = YES;
				CLANG_WARN_DIRECT_OBJC_ISA_USAGE = YES_ERROR;
				CLANG_WARN_DOCUMENTATION_COMMENTS = YES;
				CLANG_WARN_EMPTY_BODY = YES;
				CLANG_WARN_ENUM_CONVERSION = YES;
				CLANG_WARN_INFINITE_RECURSION = YES;
				CLANG_WARN_INT_CONVERSION = YES;
				CLANG_WARN_NON_LITERAL_NULL_CONVERSION = YES;
				CLANG_WARN_OBJC_IMPLICIT_RETAIN_SELF = YES;
				CLANG_WARN_OBJC_LITERAL_CONVERSION = YES;
				CLANG_WARN_OBJC_ROOT_CLASS = YES_ERROR;
				CLANG_WARN_QUOTED_INCLUDE_IN_FRAMEWORK_HEADER = YES;
				CLANG_WARN_RANGE_LOOP_ANALYSIS = YES;
				CLANG_WARN_STRICT_PROTOTYPES = YES;
				CLANG_WARN_SUSPICIOUS_MOVE = YES;
				CLANG_WARN_UNGUARDED_AVAILABILITY = YES_AGGRESSIVE;
				CLANG_WARN_UNREACHABLE_CODE = YES;
				CLANG_WARN__DUPLICATE_METHOD_MATCH = YES;
				COPY_PHASE_STRIP = NO;
				DEBUG_INFORMATION_FORMAT = dwarf;
				ENABLE_STRICT_OBJC_MSGSEND = YES;
				ENABLE_TESTABILITY = YES;
				GCC_C_LANGUAGE_STANDARD = gnu11;
				GCC_DYNAMIC_NO_PIC = NO;
				GCC_NO_COMMON_BLOCKS = YES;
				GCC_OPTIMIZATION_LEVEL = 0;
				GCC_PREPROCESSOR_DEFINITIONS = (
					"DEBUG=1",
					"$(inherited)",
				);
				GCC_WARN_64_TO_32_BIT_CONVERSION = YES;
				GCC_WARN_ABOUT_RETURN_TYPE = YES_ERROR;
				GCC_WARN_UNDECLARED_SELECTOR = YES;
				GCC_WARN_UNINITIALIZED_AUTOS = YES_AGGRESSIVE;
				GCC_WARN_UNUSED_FUNCTION = YES;
				GCC_WARN_UNUSED_VARIABLE = YES;
				IPHONEOS_DEPLOYMENT_TARGET = 15.5;
				MTL_ENABLE_DEBUG_INFO = INCLUDE_SOURCE;
				MTL_FAST_MATH = YES;
				ONLY_ACTIVE_ARCH = YES;
				SDKROOT = iphoneos;
				SWIFT_ACTIVE_COMPILATION_CONDITIONS = DEBUG;
				SWIFT_OPTIMIZATION_LEVEL = "-Onone";
			};
			name = Debug;
		};
		0E5F897528A546410019618E /* Release */ = {
			isa = XCBuildConfiguration;
			buildSettings = {
				ALWAYS_SEARCH_USER_PATHS = NO;
				CLANG_ANALYZER_NONNULL = YES;
				CLANG_ANALYZER_NUMBER_OBJECT_CONVERSION = YES_AGGRESSIVE;
				CLANG_CXX_LANGUAGE_STANDARD = "gnu++17";
				CLANG_ENABLE_MODULES = YES;
				CLANG_ENABLE_OBJC_ARC = YES;
				CLANG_ENABLE_OBJC_WEAK = YES;
				CLANG_WARN_BLOCK_CAPTURE_AUTORELEASING = YES;
				CLANG_WARN_BOOL_CONVERSION = YES;
				CLANG_WARN_COMMA = YES;
				CLANG_WARN_CONSTANT_CONVERSION = YES;
				CLANG_WARN_DEPRECATED_OBJC_IMPLEMENTATIONS = YES;
				CLANG_WARN_DIRECT_OBJC_ISA_USAGE = YES_ERROR;
				CLANG_WARN_DOCUMENTATION_COMMENTS = YES;
				CLANG_WARN_EMPTY_BODY = YES;
				CLANG_WARN_ENUM_CONVERSION = YES;
				CLANG_WARN_INFINITE_RECURSION = YES;
				CLANG_WARN_INT_CONVERSION = YES;
				CLANG_WARN_NON_LITERAL_NULL_CONVERSION = YES;
				CLANG_WARN_OBJC_IMPLICIT_RETAIN_SELF = YES;
				CLANG_WARN_OBJC_LITERAL_CONVERSION = YES;
				CLANG_WARN_OBJC_ROOT_CLASS = YES_ERROR;
				CLANG_WARN_QUOTED_INCLUDE_IN_FRAMEWORK_HEADER = YES;
				CLANG_WARN_RANGE_LOOP_ANALYSIS = YES;
				CLANG_WARN_STRICT_PROTOTYPES = YES;
				CLANG_WARN_SUSPICIOUS_MOVE = YES;
				CLANG_WARN_UNGUARDED_AVAILABILITY = YES_AGGRESSIVE;
				CLANG_WARN_UNREACHABLE_CODE = YES;
				CLANG_WARN__DUPLICATE_METHOD_MATCH = YES;
				COPY_PHASE_STRIP = NO;
				DEBUG_INFORMATION_FORMAT = "dwarf-with-dsym";
				ENABLE_NS_ASSERTIONS = NO;
				ENABLE_STRICT_OBJC_MSGSEND = YES;
				GCC_C_LANGUAGE_STANDARD = gnu11;
				GCC_NO_COMMON_BLOCKS = YES;
				GCC_WARN_64_TO_32_BIT_CONVERSION = YES;
				GCC_WARN_ABOUT_RETURN_TYPE = YES_ERROR;
				GCC_WARN_UNDECLARED_SELECTOR = YES;
				GCC_WARN_UNINITIALIZED_AUTOS = YES_AGGRESSIVE;
				GCC_WARN_UNUSED_FUNCTION = YES;
				GCC_WARN_UNUSED_VARIABLE = YES;
				IPHONEOS_DEPLOYMENT_TARGET = 15.5;
				MTL_ENABLE_DEBUG_INFO = NO;
				MTL_FAST_MATH = YES;
				SDKROOT = iphoneos;
				SWIFT_COMPILATION_MODE = wholemodule;
				SWIFT_OPTIMIZATION_LEVEL = "-O";
				VALIDATE_PRODUCT = YES;
			};
			name = Release;
		};
		0E5F897728A546410019618E /* Debug */ = {
			isa = XCBuildConfiguration;
			buildSettings = {
				ASSETCATALOG_COMPILER_APPICON_NAME = AppIcon;
				ASSETCATALOG_COMPILER_GLOBAL_ACCENT_COLOR_NAME = AccentColor;
				CODE_SIGN_STYLE = Automatic;
				CURRENT_PROJECT_VERSION = 1;
				DEVELOPMENT_TEAM = G56833V6RD;
				GENERATE_INFOPLIST_FILE = YES;
				INFOPLIST_FILE = "Currency Converter/App/Info.plist";
				INFOPLIST_KEY_UIApplicationSupportsIndirectInputEvents = YES;
				INFOPLIST_KEY_UILaunchStoryboardName = LaunchScreen;
				INFOPLIST_KEY_UIMainStoryboardFile = Main;
				INFOPLIST_KEY_UISupportedInterfaceOrientations_iPad = "UIInterfaceOrientationPortrait UIInterfaceOrientationPortraitUpsideDown UIInterfaceOrientationLandscapeLeft UIInterfaceOrientationLandscapeRight";
				INFOPLIST_KEY_UISupportedInterfaceOrientations_iPhone = "UIInterfaceOrientationPortrait UIInterfaceOrientationLandscapeLeft UIInterfaceOrientationLandscapeRight";
				LD_RUNPATH_SEARCH_PATHS = (
					"$(inherited)",
					"@executable_path/Frameworks",
				);
				MARKETING_VERSION = 1.0;
				PRODUCT_BUNDLE_IDENTIFIER = "Vardant-Coding.Currency-Converter";
				PRODUCT_NAME = "$(TARGET_NAME)";
				SWIFT_EMIT_LOC_STRINGS = YES;
				SWIFT_VERSION = 5.0;
				TARGETED_DEVICE_FAMILY = 1;
			};
			name = Debug;
		};
		0E5F897828A546410019618E /* Release */ = {
			isa = XCBuildConfiguration;
			buildSettings = {
				ASSETCATALOG_COMPILER_APPICON_NAME = AppIcon;
				ASSETCATALOG_COMPILER_GLOBAL_ACCENT_COLOR_NAME = AccentColor;
				CODE_SIGN_STYLE = Automatic;
				CURRENT_PROJECT_VERSION = 1;
				DEVELOPMENT_TEAM = G56833V6RD;
				GENERATE_INFOPLIST_FILE = YES;
				INFOPLIST_FILE = "Currency Converter/App/Info.plist";
				INFOPLIST_KEY_UIApplicationSupportsIndirectInputEvents = YES;
				INFOPLIST_KEY_UILaunchStoryboardName = LaunchScreen;
				INFOPLIST_KEY_UIMainStoryboardFile = Main;
				INFOPLIST_KEY_UISupportedInterfaceOrientations_iPad = "UIInterfaceOrientationPortrait UIInterfaceOrientationPortraitUpsideDown UIInterfaceOrientationLandscapeLeft UIInterfaceOrientationLandscapeRight";
				INFOPLIST_KEY_UISupportedInterfaceOrientations_iPhone = "UIInterfaceOrientationPortrait UIInterfaceOrientationLandscapeLeft UIInterfaceOrientationLandscapeRight";
				LD_RUNPATH_SEARCH_PATHS = (
					"$(inherited)",
					"@executable_path/Frameworks",
				);
				MARKETING_VERSION = 1.0;
				PRODUCT_BUNDLE_IDENTIFIER = "Vardant-Coding.Currency-Converter";
				PRODUCT_NAME = "$(TARGET_NAME)";
				SWIFT_EMIT_LOC_STRINGS = YES;
				SWIFT_VERSION = 5.0;
				TARGETED_DEVICE_FAMILY = 1;
			};
			name = Release;
		};
/* End XCBuildConfiguration section */

/* Begin XCConfigurationList section */
		0E5F895D28A546400019618E /* Build configuration list for PBXProject "Currency Converter" */ = {
			isa = XCConfigurationList;
			buildConfigurations = (
				0E5F897428A546410019618E /* Debug */,
				0E5F897528A546410019618E /* Release */,
			);
			defaultConfigurationIsVisible = 0;
			defaultConfigurationName = Release;
		};
		0E5F897628A546410019618E /* Build configuration list for PBXNativeTarget "Currency Converter" */ = {
			isa = XCConfigurationList;
			buildConfigurations = (
				0E5F897728A546410019618E /* Debug */,
				0E5F897828A546410019618E /* Release */,
			);
			defaultConfigurationIsVisible = 0;
			defaultConfigurationName = Release;
		};
/* End XCConfigurationList section */

/* Begin XCRemoteSwiftPackageReference section */
		0E4E8CE028ABCFF300673405 /* XCRemoteSwiftPackageReference "Alamofire" */ = {
			isa = XCRemoteSwiftPackageReference;
			repositoryURL = "https://github.com/Alamofire/Alamofire.git";
			requirement = {
				kind = upToNextMajorVersion;
				minimumVersion = 5.0.0;
			};
		};
/* End XCRemoteSwiftPackageReference section */

/* Begin XCSwiftPackageProductDependency section */
		0E4E8CE128ABCFF300673405 /* Alamofire */ = {
			isa = XCSwiftPackageProductDependency;
			package = 0E4E8CE028ABCFF300673405 /* XCRemoteSwiftPackageReference "Alamofire" */;
			productName = Alamofire;
		};
/* End XCSwiftPackageProductDependency section */
	};
	rootObject = 0E5F895A28A546400019618E /* Project object */;
}
